// !$*UTF8*$!
{
	archiveVersion = 1;
	classes = {
	};
	objectVersion = 46;
	objects = {

/* Begin PBXBuildFile section */
		241846271E94FA7600490AEA /* AppDelegate.swift in Sources */ = {isa = PBXBuildFile; fileRef = 241846261E94FA7600490AEA /* AppDelegate.swift */; };
		241846291E94FA7600490AEA /* ViewController.swift in Sources */ = {isa = PBXBuildFile; fileRef = 241846281E94FA7600490AEA /* ViewController.swift */; };
		2418462C1E94FA7600490AEA /* Main.storyboard in Resources */ = {isa = PBXBuildFile; fileRef = 2418462A1E94FA7600490AEA /* Main.storyboard */; };
		2418462E1E94FA7600490AEA /* Assets.xcassets in Resources */ = {isa = PBXBuildFile; fileRef = 2418462D1E94FA7600490AEA /* Assets.xcassets */; };
		241846311E94FA7600490AEA /* LaunchScreen.storyboard in Resources */ = {isa = PBXBuildFile; fileRef = 2418462F1E94FA7600490AEA /* LaunchScreen.storyboard */; };
		2418463F1E94FAC800490AEA /* UITest.swift in Sources */ = {isa = PBXBuildFile; fileRef = 2418463E1E94FAC800490AEA /* UITest.swift */; };
/* End PBXBuildFile section */

/* Begin PBXContainerItemProxy section */
		241846411E94FAC800490AEA /* PBXContainerItemProxy */ = {
			isa = PBXContainerItemProxy;
			containerPortal = 2418461B1E94FA7600490AEA /* Project object */;
			proxyType = 1;
			remoteGlobalIDString = 241846221E94FA7600490AEA;
			remoteInfo = "Location Command Line Build Test";
		};
/* End PBXContainerItemProxy section */

/* Begin PBXFileReference section */
		241846231E94FA7600490AEA /* Location Command Line Build Test.app */ = {isa = PBXFileReference; explicitFileType = wrapper.application; includeInIndex = 0; path = "Location Command Line Build Test.app"; sourceTree = BUILT_PRODUCTS_DIR; };
		241846261E94FA7600490AEA /* AppDelegate.swift */ = {isa = PBXFileReference; lastKnownFileType = sourcecode.swift; path = AppDelegate.swift; sourceTree = "<group>"; };
		241846281E94FA7600490AEA /* ViewController.swift */ = {isa = PBXFileReference; lastKnownFileType = sourcecode.swift; path = ViewController.swift; sourceTree = "<group>"; };
		2418462B1E94FA7600490AEA /* Base */ = {isa = PBXFileReference; lastKnownFileType = file.storyboard; name = Base; path = Base.lproj/Main.storyboard; sourceTree = "<group>"; };
		2418462D1E94FA7600490AEA /* Assets.xcassets */ = {isa = PBXFileReference; lastKnownFileType = folder.assetcatalog; path = Assets.xcassets; sourceTree = "<group>"; };
		241846301E94FA7600490AEA /* Base */ = {isa = PBXFileReference; lastKnownFileType = file.storyboard; name = Base; path = Base.lproj/LaunchScreen.storyboard; sourceTree = "<group>"; };
		241846321E94FA7600490AEA /* Info.plist */ = {isa = PBXFileReference; lastKnownFileType = text.plist.xml; path = Info.plist; sourceTree = "<group>"; };
		2418463C1E94FAC800490AEA /* UI Test.xctest */ = {isa = PBXFileReference; explicitFileType = wrapper.cfbundle; includeInIndex = 0; path = "UI Test.xctest"; sourceTree = BUILT_PRODUCTS_DIR; };
		2418463E1E94FAC800490AEA /* UITest.swift */ = {isa = PBXFileReference; lastKnownFileType = sourcecode.swift; path = UITest.swift; sourceTree = "<group>"; };
		241846401E94FAC800490AEA /* Info.plist */ = {isa = PBXFileReference; lastKnownFileType = text.plist.xml; path = Info.plist; sourceTree = "<group>"; };
/* End PBXFileReference section */

/* Begin PBXFrameworksBuildPhase section */
		241846201E94FA7600490AEA /* Frameworks */ = {
			isa = PBXFrameworksBuildPhase;
			buildActionMask = 2147483647;
			files = (
			);
			runOnlyForDeploymentPostprocessing = 0;
		};
		241846391E94FAC800490AEA /* Frameworks */ = {
			isa = PBXFrameworksBuildPhase;
			buildActionMask = 2147483647;
			files = (
			);
			runOnlyForDeploymentPostprocessing = 0;
		};
/* End PBXFrameworksBuildPhase section */

/* Begin PBXGroup section */
		2418461A1E94FA7600490AEA = {
			isa = PBXGroup;
			children = (
				241846251E94FA7600490AEA /* Location Command Line Build Test */,
				2418463D1E94FAC800490AEA /* UI Test */,
				241846241E94FA7600490AEA /* Products */,
			);
			sourceTree = "<group>";
		};
		241846241E94FA7600490AEA /* Products */ = {
			isa = PBXGroup;
			children = (
				241846231E94FA7600490AEA /* Location Command Line Build Test.app */,
				2418463C1E94FAC800490AEA /* UI Test.xctest */,
			);
			name = Products;
			sourceTree = "<group>";
		};
		241846251E94FA7600490AEA /* Location Command Line Build Test */ = {
			isa = PBXGroup;
			children = (
				241846261E94FA7600490AEA /* AppDelegate.swift */,
				241846281E94FA7600490AEA /* ViewController.swift */,
				2418462A1E94FA7600490AEA /* Main.storyboard */,
				2418462D1E94FA7600490AEA /* Assets.xcassets */,
				2418462F1E94FA7600490AEA /* LaunchScreen.storyboard */,
				241846321E94FA7600490AEA /* Info.plist */,
			);
			path = "Location Command Line Build Test";
			sourceTree = "<group>";
		};
		2418463D1E94FAC800490AEA /* UI Test */ = {
			isa = PBXGroup;
			children = (
				2418463E1E94FAC800490AEA /* UITest.swift */,
				241846401E94FAC800490AEA /* Info.plist */,
			);
			path = "UI Test";
			sourceTree = "<group>";
		};
/* End PBXGroup section */

/* Begin PBXNativeTarget section */
		241846221E94FA7600490AEA /* Location Command Line Build Test */ = {
			isa = PBXNativeTarget;
			buildConfigurationList = 241846351E94FA7600490AEA /* Build configuration list for PBXNativeTarget "Location Command Line Build Test" */;
			buildPhases = (
				2418461F1E94FA7600490AEA /* Sources */,
				241846201E94FA7600490AEA /* Frameworks */,
				241846211E94FA7600490AEA /* Resources */,
			);
			buildRules = (
			);
			dependencies = (
			);
			name = "Location Command Line Build Test";
			productName = "Location Command Line Build Test";
			productReference = 241846231E94FA7600490AEA /* Location Command Line Build Test.app */;
			productType = "com.apple.product-type.application";
		};
		2418463B1E94FAC800490AEA /* UI Test */ = {
			isa = PBXNativeTarget;
			buildConfigurationList = 241846431E94FAC800490AEA /* Build configuration list for PBXNativeTarget "UI Test" */;
			buildPhases = (
				241846381E94FAC800490AEA /* Sources */,
				241846391E94FAC800490AEA /* Frameworks */,
				2418463A1E94FAC800490AEA /* Resources */,
			);
			buildRules = (
			);
			dependencies = (
				241846421E94FAC800490AEA /* PBXTargetDependency */,
			);
			name = "UI Test";
			productName = "UI Test";
			productReference = 2418463C1E94FAC800490AEA /* UI Test.xctest */;
			productType = "com.apple.product-type.bundle.ui-testing";
		};
/* End PBXNativeTarget section */

/* Begin PBXProject section */
		2418461B1E94FA7600490AEA /* Project object */ = {
			isa = PBXProject;
			attributes = {
				LastSwiftUpdateCheck = 0830;
				LastUpgradeCheck = 0830;
				ORGANIZATIONNAME = "Daniel Tull";
				TargetAttributes = {
					241846221E94FA7600490AEA = {
						CreatedOnToolsVersion = 8.3;
						DevelopmentTeam = B2M757K4LG;
						ProvisioningStyle = Automatic;
					};
					2418463B1E94FAC800490AEA = {
						CreatedOnToolsVersion = 8.3;
						DevelopmentTeam = B2M757K4LG;
						ProvisioningStyle = Automatic;
						TestTargetID = 241846221E94FA7600490AEA;
					};
				};
			};
			buildConfigurationList = 2418461E1E94FA7600490AEA /* Build configuration list for PBXProject "Location Command Line Build Test" */;
			compatibilityVersion = "Xcode 3.2";
			developmentRegion = English;
			hasScannedForEncodings = 0;
			knownRegions = (
				en,
				Base,
			);
			mainGroup = 2418461A1E94FA7600490AEA;
			productRefGroup = 241846241E94FA7600490AEA /* Products */;
			projectDirPath = "";
			projectRoot = "";
			targets = (
				241846221E94FA7600490AEA /* Location Command Line Build Test */,
				2418463B1E94FAC800490AEA /* UI Test */,
			);
		};
/* End PBXProject section */

/* Begin PBXResourcesBuildPhase section */
		241846211E94FA7600490AEA /* Resources */ = {
			isa = PBXResourcesBuildPhase;
			buildActionMask = 2147483647;
			files = (
				241846311E94FA7600490AEA /* LaunchScreen.storyboard in Resources */,
				2418462E1E94FA7600490AEA /* Assets.xcassets in Resources */,
				2418462C1E94FA7600490AEA /* Main.storyboard in Resources */,
			);
			runOnlyForDeploymentPostprocessing = 0;
		};
		2418463A1E94FAC800490AEA /* Resources */ = {
			isa = PBXResourcesBuildPhase;
			buildActionMask = 2147483647;
			files = (
			);
			runOnlyForDeploymentPostprocessing = 0;
		};
/* End PBXResourcesBuildPhase section */

/* Begin PBXSourcesBuildPhase section */
		2418461F1E94FA7600490AEA /* Sources */ = {
			isa = PBXSourcesBuildPhase;
			buildActionMask = 2147483647;
			files = (
				241846291E94FA7600490AEA /* ViewController.swift in Sources */,
				241846271E94FA7600490AEA /* AppDelegate.swift in Sources */,
			);
			runOnlyForDeploymentPostprocessing = 0;
		};
		241846381E94FAC800490AEA /* Sources */ = {
			isa = PBXSourcesBuildPhase;
			buildActionMask = 2147483647;
			files = (
				2418463F1E94FAC800490AEA /* UITest.swift in Sources */,
			);
			runOnlyForDeploymentPostprocessing = 0;
		};
/* End PBXSourcesBuildPhase section */

/* Begin PBXTargetDependency section */
		241846421E94FAC800490AEA /* PBXTargetDependency */ = {
			isa = PBXTargetDependency;
			target = 241846221E94FA7600490AEA /* Location Command Line Build Test */;
			targetProxy = 241846411E94FAC800490AEA /* PBXContainerItemProxy */;
		};
/* End PBXTargetDependency section */

/* Begin PBXVariantGroup section */
		2418462A1E94FA7600490AEA /* Main.storyboard */ = {
			isa = PBXVariantGroup;
			children = (
				2418462B1E94FA7600490AEA /* Base */,
			);
			name = Main.storyboard;
			sourceTree = "<group>";
		};
		2418462F1E94FA7600490AEA /* LaunchScreen.storyboard */ = {
			isa = PBXVariantGroup;
			children = (
				241846301E94FA7600490AEA /* Base */,
			);
			name = LaunchScreen.storyboard;
			sourceTree = "<group>";
		};
/* End PBXVariantGroup section */

/* Begin XCBuildConfiguration section */
		241846331E94FA7600490AEA /* Debug */ = {
			isa = XCBuildConfiguration;
			buildSettings = {
				ALWAYS_SEARCH_USER_PATHS = NO;
				CLANG_ANALYZER_NONNULL = YES;
				CLANG_ANALYZER_NUMBER_OBJECT_CONVERSION = YES_AGGRESSIVE;
				CLANG_CXX_LANGUAGE_STANDARD = "gnu++0x";
				CLANG_CXX_LIBRARY = "libc++";
				CLANG_ENABLE_MODULES = YES;
				CLANG_ENABLE_OBJC_ARC = YES;
				CLANG_WARN_BOOL_CONVERSION = YES;
				CLANG_WARN_CONSTANT_CONVERSION = YES;
				CLANG_WARN_DIRECT_OBJC_ISA_USAGE = YES_ERROR;
				CLANG_WARN_DOCUMENTATION_COMMENTS = YES;
				CLANG_WARN_EMPTY_BODY = YES;
				CLANG_WARN_ENUM_CONVERSION = YES;
				CLANG_WARN_INFINITE_RECURSION = YES;
				CLANG_WARN_INT_CONVERSION = YES;
				CLANG_WARN_OBJC_ROOT_CLASS = YES_ERROR;
				CLANG_WARN_SUSPICIOUS_MOVE = YES;
				CLANG_WARN_UNREACHABLE_CODE = YES;
				CLANG_WARN__DUPLICATE_METHOD_MATCH = YES;
				"CODE_SIGN_IDENTITY[sdk=iphoneos*]" = "iPhone Developer";
				COPY_PHASE_STRIP = NO;
				DEBUG_INFORMATION_FORMAT = dwarf;
				ENABLE_STRICT_OBJC_MSGSEND = YES;
				ENABLE_TESTABILITY = YES;
				GCC_C_LANGUAGE_STANDARD = gnu99;
				GCC_DYNAMIC_NO_PIC = NO;
				GCC_NO_COMMON_BLOCKS = YES;
				GCC_OPTIMIZATION_LEVEL = 0;
				GCC_PREPROCESSOR_DEFINITIONS = (
					"DEBUG=1",
					"$(inherited)",
				);
				GCC_WARN_64_TO_32_BIT_CONVERSION = YES;
				GCC_WARN_ABOUT_RETURN_TYPE = YES_ERROR;
				GCC_WARN_UNDECLARED_SELECTOR = YES;
				GCC_WARN_UNINITIALIZED_AUTOS = YES_AGGRESSIVE;
				GCC_WARN_UNUSED_FUNCTION = YES;
				GCC_WARN_UNUSED_VARIABLE = YES;
				IPHONEOS_DEPLOYMENT_TARGET = 10.3;
				MTL_ENABLE_DEBUG_INFO = YES;
				ONLY_ACTIVE_ARCH = YES;
				SDKROOT = iphoneos;
				SWIFT_ACTIVE_COMPILATION_CONDITIONS = DEBUG;
				SWIFT_OPTIMIZATION_LEVEL = "-Onone";
				TARGETED_DEVICE_FAMILY = "1,2";
			};
			name = Debug;
		};
		241846341E94FA7600490AEA /* Release */ = {
			isa = XCBuildConfiguration;
			buildSettings = {
				ALWAYS_SEARCH_USER_PATHS = NO;
				CLANG_ANALYZER_NONNULL = YES;
				CLANG_ANALYZER_NUMBER_OBJECT_CONVERSION = YES_AGGRESSIVE;
				CLANG_CXX_LANGUAGE_STANDARD = "gnu++0x";
				CLANG_CXX_LIBRARY = "libc++";
				CLANG_ENABLE_MODULES = YES;
				CLANG_ENABLE_OBJC_ARC = YES;
				CLANG_WARN_BOOL_CONVERSION = YES;
				CLANG_WARN_CONSTANT_CONVERSION = YES;
				CLANG_WARN_DIRECT_OBJC_ISA_USAGE = YES_ERROR;
				CLANG_WARN_DOCUMENTATION_COMMENTS = YES;
				CLANG_WARN_EMPTY_BODY = YES;
				CLANG_WARN_ENUM_CONVERSION = YES;
				CLANG_WARN_INFINITE_RECURSION = YES;
				CLANG_WARN_INT_CONVERSION = YES;
				CLANG_WARN_OBJC_ROOT_CLASS = YES_ERROR;
				CLANG_WARN_SUSPICIOUS_MOVE = YES;
				CLANG_WARN_UNREACHABLE_CODE = YES;
				CLANG_WARN__DUPLICATE_METHOD_MATCH = YES;
				"CODE_SIGN_IDENTITY[sdk=iphoneos*]" = "iPhone Developer";
				COPY_PHASE_STRIP = NO;
				DEBUG_INFORMATION_FORMAT = "dwarf-with-dsym";
				ENABLE_NS_ASSERTIONS = NO;
				ENABLE_STRICT_OBJC_MSGSEND = YES;
				GCC_C_LANGUAGE_STANDARD = gnu99;
				GCC_NO_COMMON_BLOCKS = YES;
				GCC_WARN_64_TO_32_BIT_CONVERSION = YES;
				GCC_WARN_ABOUT_RETURN_TYPE = YES_ERROR;
				GCC_WARN_UNDECLARED_SELECTOR = YES;
				GCC_WARN_UNINITIALIZED_AUTOS = YES_AGGRESSIVE;
				GCC_WARN_UNUSED_FUNCTION = YES;
				GCC_WARN_UNUSED_VARIABLE = YES;
				IPHONEOS_DEPLOYMENT_TARGET = 10.3;
				MTL_ENABLE_DEBUG_INFO = NO;
				SDKROOT = iphoneos;
				SWIFT_OPTIMIZATION_LEVEL = "-Owholemodule";
				TARGETED_DEVICE_FAMILY = "1,2";
				VALIDATE_PRODUCT = YES;
			};
			name = Release;
		};
		241846361E94FA7600490AEA /* Debug */ = {
			isa = XCBuildConfiguration;
			buildSettings = {
				ASSETCATALOG_COMPILER_APPICON_NAME = AppIcon;
				DEVELOPMENT_TEAM = B2M757K4LG;
				INFOPLIST_FILE = "Location Command Line Build Test/Info.plist";
				LD_RUNPATH_SEARCH_PATHS = "$(inherited) @executable_path/Frameworks";
				PRODUCT_BUNDLE_IDENTIFIER = "uk.co.danieltull.Location-Command-Line-Build-Test";
				PRODUCT_NAME = "$(TARGET_NAME)";
				SWIFT_VERSION = 3.0;
			};
			name = Debug;
		};
		241846371E94FA7600490AEA /* Release */ = {
			isa = XCBuildConfiguration;
			buildSettings = {
				ASSETCATALOG_COMPILER_APPICON_NAME = AppIcon;
				DEVELOPMENT_TEAM = B2M757K4LG;
				INFOPLIST_FILE = "Location Command Line Build Test/Info.plist";
				LD_RUNPATH_SEARCH_PATHS = "$(inherited) @executable_path/Frameworks";
				PRODUCT_BUNDLE_IDENTIFIER = "uk.co.danieltull.Location-Command-Line-Build-Test";
				PRODUCT_NAME = "$(TARGET_NAME)";
				SWIFT_VERSION = 3.0;
			};
			name = Release;
		};
		241846441E94FAC800490AEA /* Debug */ = {
			isa = XCBuildConfiguration;
			buildSettings = {
				DEVELOPMENT_TEAM = B2M757K4LG;
				INFOPLIST_FILE = "UI Test/Info.plist";
				LD_RUNPATH_SEARCH_PATHS = "$(inherited) @executable_path/Frameworks @loader_path/Frameworks";
				PRODUCT_BUNDLE_IDENTIFIER = "uk.co.danieltull.UI-Test";
				PRODUCT_NAME = "$(TARGET_NAME)";
				SWIFT_VERSION = 3.0;
				TEST_TARGET_NAME = "Location Command Line Build Test";
			};
			name = Debug;
		};
		241846451E94FAC800490AEA /* Release */ = {
			isa = XCBuildConfiguration;
			buildSettings = {
				DEVELOPMENT_TEAM = B2M757K4LG;
				INFOPLIST_FILE = "UI Test/Info.plist";
				LD_RUNPATH_SEARCH_PATHS = "$(inherited) @executable_path/Frameworks @loader_path/Frameworks";
				PRODUCT_BUNDLE_IDENTIFIER = "uk.co.danieltull.UI-Test";
				PRODUCT_NAME = "$(TARGET_NAME)";
				SWIFT_VERSION = 3.0;
				TEST_TARGET_NAME = "Location Command Line Build Test";
			};
			name = Release;
		};
/* End XCBuildConfiguration section */

/* Begin XCConfigurationList section */
		2418461E1E94FA7600490AEA /* Build configuration list for PBXProject "Location Command Line Build Test" */ = {
			isa = XCConfigurationList;
			buildConfigurations = (
				241846331E94FA7600490AEA /* Debug */,
				241846341E94FA7600490AEA /* Release */,
			);
			defaultConfigurationIsVisible = 0;
			defaultConfigurationName = Release;
		};
		241846351E94FA7600490AEA /* Build configuration list for PBXNativeTarget "Location Command Line Build Test" */ = {
			isa = XCConfigurationList;
			buildConfigurations = (
				241846361E94FA7600490AEA /* Debug */,
				241846371E94FA7600490AEA /* Release */,
			);
			defaultConfigurationIsVisible = 0;
		};
		241846431E94FAC800490AEA /* Build configuration list for PBXNativeTarget "UI Test" */ = {
			isa = XCConfigurationList;
			buildConfigurations = (
				241846441E94FAC800490AEA /* Debug */,
				241846451E94FAC800490AEA /* Release */,
			);
			defaultConfigurationIsVisible = 0;
		};
/* End XCConfigurationList section */
	};
	rootObject = 2418461B1E94FA7600490AEA /* Project object */;
}
